// !$*UTF8*$!
{
	archiveVersion = 1;
	classes = {
	};
	objectVersion = 50;
	objects = {

/* Begin PBXBuildFile section */
		492822DF24A097EF00D3ACB0 /* jwleeDATA.swift in Sources */ = {isa = PBXBuildFile; fileRef = 492822DE24A097EF00D3ACB0 /* jwleeDATA.swift */; };
		492822E324A0A04000D3ACB0 /* HitAndMissCell.swift in Sources */ = {isa = PBXBuildFile; fileRef = 492822E224A0A04000D3ACB0 /* HitAndMissCell.swift */; };
		492822E524A21E4700D3ACB0 /* TelepathyGame.swift in Sources */ = {isa = PBXBuildFile; fileRef = 492822E424A21E4700D3ACB0 /* TelepathyGame.swift */; };
		492822E724A235BE00D3ACB0 /* TelepathyCell.swift in Sources */ = {isa = PBXBuildFile; fileRef = 492822E624A235BD00D3ACB0 /* TelepathyCell.swift */; };
		495B9D04249F5064009C5317 /* AppDelegate.swift in Sources */ = {isa = PBXBuildFile; fileRef = 495B9D03249F5064009C5317 /* AppDelegate.swift */; };
		495B9D06249F5064009C5317 /* SceneDelegate.swift in Sources */ = {isa = PBXBuildFile; fileRef = 495B9D05249F5064009C5317 /* SceneDelegate.swift */; };
		495B9D08249F5064009C5317 /* ViewController.swift in Sources */ = {isa = PBXBuildFile; fileRef = 495B9D07249F5064009C5317 /* ViewController.swift */; };
		495B9D0B249F5064009C5317 /* Main.storyboard in Resources */ = {isa = PBXBuildFile; fileRef = 495B9D09249F5064009C5317 /* Main.storyboard */; };
		495B9D0D249F5066009C5317 /* Assets.xcassets in Resources */ = {isa = PBXBuildFile; fileRef = 495B9D0C249F5066009C5317 /* Assets.xcassets */; };
		495B9D10249F5066009C5317 /* LaunchScreen.storyboard in Resources */ = {isa = PBXBuildFile; fileRef = 495B9D0E249F5066009C5317 /* LaunchScreen.storyboard */; };
		495B9D39249F68F7009C5317 /* TelepathyInfoGame.swift in Sources */ = {isa = PBXBuildFile; fileRef = 495B9D38249F68F7009C5317 /* TelepathyInfoGame.swift */; };
		495B9D3B249F6969009C5317 /* HitAndMissGame.swift in Sources */ = {isa = PBXBuildFile; fileRef = 495B9D3A249F6969009C5317 /* HitAndMissGame.swift */; };
		49903F6124A3B38F0027845B /* TelepathyChoiceCollectionCell.swift in Sources */ = {isa = PBXBuildFile; fileRef = 49903F6024A3B38F0027845B /* TelepathyChoiceCollectionCell.swift */; };
		49B5AD4424A387720008E7D2 /* TelepathyChoice.swift in Sources */ = {isa = PBXBuildFile; fileRef = 49B5AD4324A387720008E7D2 /* TelepathyChoice.swift */; };
		7302494D24A496E8002AAA65 /* LaunchAnimation.swift in Sources */ = {isa = PBXBuildFile; fileRef = 7302494C24A496E8002AAA65 /* LaunchAnimation.swift */; };
		7302494F24A4978F002AAA65 /* data.swift in Sources */ = {isa = PBXBuildFile; fileRef = 7302494E24A4978F002AAA65 /* data.swift */; };
		7302495124A497A6002AAA65 /* StartViewController.swift in Sources */ = {isa = PBXBuildFile; fileRef = 7302495024A497A6002AAA65 /* StartViewController.swift */; };
		7302495324A497BA002AAA65 /* StartTableViewCell.swift in Sources */ = {isa = PBXBuildFile; fileRef = 7302495224A497BA002AAA65 /* StartTableViewCell.swift */; };
		7302495524A497CF002AAA65 /* MainViewController.swift in Sources */ = {isa = PBXBuildFile; fileRef = 7302495424A497CF002AAA65 /* MainViewController.swift */; };
		7302495724A497EB002AAA65 /* MainCollectionViewCell.swift in Sources */ = {isa = PBXBuildFile; fileRef = 7302495624A497EB002AAA65 /* MainCollectionViewCell.swift */; };
		7302495A24A49829002AAA65 /* Cre쿨재즈M체.ttf in Resources */ = {isa = PBXBuildFile; fileRef = 7302495824A49828002AAA65 /* Cre쿨재즈M체.ttf */; };
		7302495B24A49829002AAA65 /* Cre쿨재즈L.ttf in Resources */ = {isa = PBXBuildFile; fileRef = 7302495924A49829002AAA65 /* Cre쿨재즈L.ttf */; };
		7302495D24A49A2A002AAA65 /* BombImage.pdf in Resources */ = {isa = PBXBuildFile; fileRef = 7302495C24A49A2A002AAA65 /* BombImage.pdf */; };
		D3488E7224A1F5AD001B44B4 /* TimeBomb.swift in Sources */ = {isa = PBXBuildFile; fileRef = D3488E7124A1F5AD001B44B4 /* TimeBomb.swift */; };
		D3488E7424A1F5DC001B44B4 /* PickerTimeView.swift in Sources */ = {isa = PBXBuildFile; fileRef = D3488E7324A1F5DC001B44B4 /* PickerTimeView.swift */; };
		D3488E7624A1F5F5001B44B4 /* PickerView.swift in Sources */ = {isa = PBXBuildFile; fileRef = D3488E7524A1F5F5001B44B4 /* PickerView.swift */; };
		D3876B3324A3138B00C48CB3 /* 파돌리기송.mp3 in Resources */ = {isa = PBXBuildFile; fileRef = D3876B3124A3138B00C48CB3 /* 파돌리기송.mp3 */; };
		D3876B3424A3138B00C48CB3 /* BOOM.mp3 in Resources */ = {isa = PBXBuildFile; fileRef = D3876B3224A3138B00C48CB3 /* BOOM.mp3 */; };
		D3876B3624A313D100C48CB3 /* Extension.swift in Sources */ = {isa = PBXBuildFile; fileRef = D3876B3524A313D100C48CB3 /* Extension.swift */; };
/* End PBXBuildFile section */

/* Begin PBXFileReference section */
		492822DE24A097EF00D3ACB0 /* jwleeDATA.swift */ = {isa = PBXFileReference; lastKnownFileType = sourcecode.swift; path = jwleeDATA.swift; sourceTree = "<group>"; };
		492822E224A0A04000D3ACB0 /* HitAndMissCell.swift */ = {isa = PBXFileReference; lastKnownFileType = sourcecode.swift; path = HitAndMissCell.swift; sourceTree = "<group>"; };
		492822E424A21E4700D3ACB0 /* TelepathyGame.swift */ = {isa = PBXFileReference; lastKnownFileType = sourcecode.swift; path = TelepathyGame.swift; sourceTree = "<group>"; };
		492822E624A235BD00D3ACB0 /* TelepathyCell.swift */ = {isa = PBXFileReference; lastKnownFileType = sourcecode.swift; path = TelepathyCell.swift; sourceTree = "<group>"; };
		495B9D00249F5064009C5317 /* DadambiraProject.app */ = {isa = PBXFileReference; explicitFileType = wrapper.application; includeInIndex = 0; path = DadambiraProject.app; sourceTree = BUILT_PRODUCTS_DIR; };
		495B9D03249F5064009C5317 /* AppDelegate.swift */ = {isa = PBXFileReference; lastKnownFileType = sourcecode.swift; path = AppDelegate.swift; sourceTree = "<group>"; };
		495B9D05249F5064009C5317 /* SceneDelegate.swift */ = {isa = PBXFileReference; lastKnownFileType = sourcecode.swift; path = SceneDelegate.swift; sourceTree = "<group>"; };
		495B9D07249F5064009C5317 /* ViewController.swift */ = {isa = PBXFileReference; lastKnownFileType = sourcecode.swift; path = ViewController.swift; sourceTree = "<group>"; };
		495B9D0A249F5064009C5317 /* Base */ = {isa = PBXFileReference; lastKnownFileType = file.storyboard; name = Base; path = Base.lproj/Main.storyboard; sourceTree = "<group>"; };
		495B9D0C249F5066009C5317 /* Assets.xcassets */ = {isa = PBXFileReference; lastKnownFileType = folder.assetcatalog; path = Assets.xcassets; sourceTree = "<group>"; };
		495B9D0F249F5066009C5317 /* Base */ = {isa = PBXFileReference; lastKnownFileType = file.storyboard; name = Base; path = Base.lproj/LaunchScreen.storyboard; sourceTree = "<group>"; };
		495B9D11249F5066009C5317 /* Info.plist */ = {isa = PBXFileReference; lastKnownFileType = text.plist.xml; path = Info.plist; sourceTree = "<group>"; };
		495B9D38249F68F7009C5317 /* TelepathyInfoGame.swift */ = {isa = PBXFileReference; lastKnownFileType = sourcecode.swift; path = TelepathyInfoGame.swift; sourceTree = "<group>"; };
		495B9D3A249F6969009C5317 /* HitAndMissGame.swift */ = {isa = PBXFileReference; lastKnownFileType = sourcecode.swift; path = HitAndMissGame.swift; sourceTree = "<group>"; };
		49903F6024A3B38F0027845B /* TelepathyChoiceCollectionCell.swift */ = {isa = PBXFileReference; lastKnownFileType = sourcecode.swift; path = TelepathyChoiceCollectionCell.swift; sourceTree = "<group>"; };
		49B5AD4324A387720008E7D2 /* TelepathyChoice.swift */ = {isa = PBXFileReference; lastKnownFileType = sourcecode.swift; path = TelepathyChoice.swift; sourceTree = "<group>"; };
		7302494C24A496E8002AAA65 /* LaunchAnimation.swift */ = {isa = PBXFileReference; lastKnownFileType = sourcecode.swift; path = LaunchAnimation.swift; sourceTree = "<group>"; };
		7302494E24A4978F002AAA65 /* data.swift */ = {isa = PBXFileReference; lastKnownFileType = sourcecode.swift; path = data.swift; sourceTree = "<group>"; };
		7302495024A497A6002AAA65 /* StartViewController.swift */ = {isa = PBXFileReference; lastKnownFileType = sourcecode.swift; path = StartViewController.swift; sourceTree = "<group>"; };
		7302495224A497BA002AAA65 /* StartTableViewCell.swift */ = {isa = PBXFileReference; lastKnownFileType = sourcecode.swift; path = StartTableViewCell.swift; sourceTree = "<group>"; };
		7302495424A497CF002AAA65 /* MainViewController.swift */ = {isa = PBXFileReference; lastKnownFileType = sourcecode.swift; path = MainViewController.swift; sourceTree = "<group>"; };
		7302495624A497EB002AAA65 /* MainCollectionViewCell.swift */ = {isa = PBXFileReference; lastKnownFileType = sourcecode.swift; path = MainCollectionViewCell.swift; sourceTree = "<group>"; };
		7302495824A49828002AAA65 /* Cre쿨재즈M체.ttf */ = {isa = PBXFileReference; lastKnownFileType = file; path = "Cre쿨재즈M체.ttf"; sourceTree = "<group>"; };
		7302495924A49829002AAA65 /* Cre쿨재즈L.ttf */ = {isa = PBXFileReference; lastKnownFileType = file; path = "Cre쿨재즈L.ttf"; sourceTree = "<group>"; };
		7302495C24A49A2A002AAA65 /* BombImage.pdf */ = {isa = PBXFileReference; lastKnownFileType = image.pdf; name = BombImage.pdf; path = ../../../BombImage.pdf; sourceTree = "<group>"; };
		D3488E7124A1F5AD001B44B4 /* TimeBomb.swift */ = {isa = PBXFileReference; lastKnownFileType = sourcecode.swift; path = TimeBomb.swift; sourceTree = "<group>"; };
		D3488E7324A1F5DC001B44B4 /* PickerTimeView.swift */ = {isa = PBXFileReference; lastKnownFileType = sourcecode.swift; path = PickerTimeView.swift; sourceTree = "<group>"; };
		D3488E7524A1F5F5001B44B4 /* PickerView.swift */ = {isa = PBXFileReference; lastKnownFileType = sourcecode.swift; path = PickerView.swift; sourceTree = "<group>"; };
		D3876B3124A3138B00C48CB3 /* 파돌리기송.mp3 */ = {isa = PBXFileReference; lastKnownFileType = audio.mp3; name = "파돌리기송.mp3"; path = "../../../파돌리기송.mp3"; sourceTree = "<group>"; };
		D3876B3224A3138B00C48CB3 /* BOOM.mp3 */ = {isa = PBXFileReference; lastKnownFileType = audio.mp3; name = BOOM.mp3; path = ../../../BOOM.mp3; sourceTree = "<group>"; };
		D3876B3524A313D100C48CB3 /* Extension.swift */ = {isa = PBXFileReference; lastKnownFileType = sourcecode.swift; path = Extension.swift; sourceTree = "<group>"; };
/* End PBXFileReference section */

/* Begin PBXFrameworksBuildPhase section */
		495B9CFD249F5064009C5317 /* Frameworks */ = {
			isa = PBXFrameworksBuildPhase;
			buildActionMask = 2147483647;
			files = (
			);
			runOnlyForDeploymentPostprocessing = 0;
		};
/* End PBXFrameworksBuildPhase section */

/* Begin PBXGroup section */
		495B9CF7249F5064009C5317 = {
			isa = PBXGroup;
			children = (
				495B9D02249F5064009C5317 /* DadambiraProject */,
				495B9D01249F5064009C5317 /* Products */,
			);
			sourceTree = "<group>";
		};
		495B9D01249F5064009C5317 /* Products */ = {
			isa = PBXGroup;
			children = (
				495B9D00249F5064009C5317 /* DadambiraProject.app */,
			);
			name = Products;
			sourceTree = "<group>";
		};
		495B9D02249F5064009C5317 /* DadambiraProject */ = {
			isa = PBXGroup;
			children = (
				495B9D03249F5064009C5317 /* AppDelegate.swift */,
				495B9D05249F5064009C5317 /* SceneDelegate.swift */,
				495B9D11249F5066009C5317 /* Info.plist */,
				495B9D4124A040F4009C5317 /* GameList */,
				D3488E7024A1F577001B44B4 /* GameList2 */,
				D3488E7924A1F618001B44B4 /* MP3File */,
				49ACBA9524A04AB7004C2D88 /* View */,
				495B9D3E249F6A95009C5317 /* supporting Files */,
			);
			path = DadambiraProject;
			sourceTree = "<group>";
		};
		495B9D3E249F6A95009C5317 /* supporting Files */ = {
			isa = PBXGroup;
			children = (
				495B9D0E249F5066009C5317 /* LaunchScreen.storyboard */,
				495B9D09249F5064009C5317 /* Main.storyboard */,
				495B9D0C249F5066009C5317 /* Assets.xcassets */,
			);
			path = "supporting Files";
			sourceTree = "<group>";
		};
		495B9D4124A040F4009C5317 /* GameList */ = {
			isa = PBXGroup;
			children = (
				495B9D3A249F6969009C5317 /* HitAndMissGame.swift */,
				492822E224A0A04000D3ACB0 /* HitAndMissCell.swift */,
				495B9D38249F68F7009C5317 /* TelepathyInfoGame.swift */,
				492822E424A21E4700D3ACB0 /* TelepathyGame.swift */,
				49B5AD4324A387720008E7D2 /* TelepathyChoice.swift */,
				492822E624A235BD00D3ACB0 /* TelepathyCell.swift */,
				49903F6024A3B38F0027845B /* TelepathyChoiceCollectionCell.swift */,
				492822DE24A097EF00D3ACB0 /* jwleeDATA.swift */,
			);
			path = GameList;
			sourceTree = "<group>";
		};
		49ACBA9524A04AB7004C2D88 /* View */ = {
			isa = PBXGroup;
			children = (
				495B9D07249F5064009C5317 /* ViewController.swift */,
				7302494C24A496E8002AAA65 /* LaunchAnimation.swift */,
				7302494E24A4978F002AAA65 /* data.swift */,
				7302495024A497A6002AAA65 /* StartViewController.swift */,
				7302495224A497BA002AAA65 /* StartTableViewCell.swift */,
				7302495424A497CF002AAA65 /* MainViewController.swift */,
				7302495624A497EB002AAA65 /* MainCollectionViewCell.swift */,
				7302495924A49829002AAA65 /* Cre쿨재즈L.ttf */,
				7302495824A49828002AAA65 /* Cre쿨재즈M체.ttf */,
			);
			path = View;
			sourceTree = "<group>";
		};
		D3488E7024A1F577001B44B4 /* GameList2 */ = {
			isa = PBXGroup;
			children = (
				D3488E7124A1F5AD001B44B4 /* TimeBomb.swift */,
				D3488E7324A1F5DC001B44B4 /* PickerTimeView.swift */,
				D3488E7524A1F5F5001B44B4 /* PickerView.swift */,
				D3876B3524A313D100C48CB3 /* Extension.swift */,
				7302495C24A49A2A002AAA65 /* BombImage.pdf */,
			);
			path = GameList2;
			sourceTree = "<group>";
		};
		D3488E7924A1F618001B44B4 /* MP3File */ = {
			isa = PBXGroup;
			children = (
				D3876B3124A3138B00C48CB3 /* 파돌리기송.mp3 */,
				D3876B3224A3138B00C48CB3 /* BOOM.mp3 */,
			);
			path = MP3File;
			sourceTree = "<group>";
		};
/* End PBXGroup section */

/* Begin PBXNativeTarget section */
		495B9CFF249F5064009C5317 /* DadambiraProject */ = {
			isa = PBXNativeTarget;
			buildConfigurationList = 495B9D14249F5066009C5317 /* Build configuration list for PBXNativeTarget "DadambiraProject" */;
			buildPhases = (
				495B9CFC249F5064009C5317 /* Sources */,
				495B9CFD249F5064009C5317 /* Frameworks */,
				495B9CFE249F5064009C5317 /* Resources */,
			);
			buildRules = (
			);
			dependencies = (
			);
			name = DadambiraProject;
			productName = DadambiraProject;
			productReference = 495B9D00249F5064009C5317 /* DadambiraProject.app */;
			productType = "com.apple.product-type.application";
		};
/* End PBXNativeTarget section */

/* Begin PBXProject section */
		495B9CF8249F5064009C5317 /* Project object */ = {
			isa = PBXProject;
			attributes = {
				LastSwiftUpdateCheck = 1150;
				LastUpgradeCheck = 1150;
				ORGANIZATIONNAME = jwlee;
				TargetAttributes = {
					495B9CFF249F5064009C5317 = {
						CreatedOnToolsVersion = 11.5;
					};
				};
			};
			buildConfigurationList = 495B9CFB249F5064009C5317 /* Build configuration list for PBXProject "DadambiraProject" */;
			compatibilityVersion = "Xcode 9.3";
			developmentRegion = en;
			hasScannedForEncodings = 0;
			knownRegions = (
				en,
				Base,
			);
			mainGroup = 495B9CF7249F5064009C5317;
			productRefGroup = 495B9D01249F5064009C5317 /* Products */;
			projectDirPath = "";
			projectRoot = "";
			targets = (
				495B9CFF249F5064009C5317 /* DadambiraProject */,
			);
		};
/* End PBXProject section */

/* Begin PBXResourcesBuildPhase section */
		495B9CFE249F5064009C5317 /* Resources */ = {
			isa = PBXResourcesBuildPhase;
			buildActionMask = 2147483647;
			files = (
				D3876B3324A3138B00C48CB3 /* 파돌리기송.mp3 in Resources */,
				7302495B24A49829002AAA65 /* Cre쿨재즈L.ttf in Resources */,
				495B9D10249F5066009C5317 /* LaunchScreen.storyboard in Resources */,
				D3876B3424A3138B00C48CB3 /* BOOM.mp3 in Resources */,
				495B9D0D249F5066009C5317 /* Assets.xcassets in Resources */,
				495B9D0B249F5064009C5317 /* Main.storyboard in Resources */,
				7302495A24A49829002AAA65 /* Cre쿨재즈M체.ttf in Resources */,
				7302495D24A49A2A002AAA65 /* BombImage.pdf in Resources */,
			);
			runOnlyForDeploymentPostprocessing = 0;
		};
/* End PBXResourcesBuildPhase section */

/* Begin PBXSourcesBuildPhase section */
		495B9CFC249F5064009C5317 /* Sources */ = {
			isa = PBXSourcesBuildPhase;
			buildActionMask = 2147483647;
			files = (
				49B5AD4424A387720008E7D2 /* TelepathyChoice.swift in Sources */,
				7302495324A497BA002AAA65 /* StartTableViewCell.swift in Sources */,
				D3488E7224A1F5AD001B44B4 /* TimeBomb.swift in Sources */,
				495B9D39249F68F7009C5317 /* TelepathyInfoGame.swift in Sources */,
				495B9D08249F5064009C5317 /* ViewController.swift in Sources */,
				49903F6124A3B38F0027845B /* TelepathyChoiceCollectionCell.swift in Sources */,
				7302495124A497A6002AAA65 /* StartViewController.swift in Sources */,
				7302495724A497EB002AAA65 /* MainCollectionViewCell.swift in Sources */,
				495B9D04249F5064009C5317 /* AppDelegate.swift in Sources */,
				D3488E7424A1F5DC001B44B4 /* PickerTimeView.swift in Sources */,
				492822DF24A097EF00D3ACB0 /* jwleeDATA.swift in Sources */,
				492822E724A235BE00D3ACB0 /* TelepathyCell.swift in Sources */,
				492822E524A21E4700D3ACB0 /* TelepathyGame.swift in Sources */,
				495B9D06249F5064009C5317 /* SceneDelegate.swift in Sources */,
				7302494F24A4978F002AAA65 /* data.swift in Sources */,
				7302494D24A496E8002AAA65 /* LaunchAnimation.swift in Sources */,
				D3876B3624A313D100C48CB3 /* Extension.swift in Sources */,
				492822E324A0A04000D3ACB0 /* HitAndMissCell.swift in Sources */,
				D3488E7624A1F5F5001B44B4 /* PickerView.swift in Sources */,
				495B9D3B249F6969009C5317 /* HitAndMissGame.swift in Sources */,
				7302495524A497CF002AAA65 /* MainViewController.swift in Sources */,
			);
			runOnlyForDeploymentPostprocessing = 0;
		};
/* End PBXSourcesBuildPhase section */

/* Begin PBXVariantGroup section */
		495B9D09249F5064009C5317 /* Main.storyboard */ = {
			isa = PBXVariantGroup;
			children = (
				495B9D0A249F5064009C5317 /* Base */,
			);
			name = Main.storyboard;
			sourceTree = "<group>";
		};
		495B9D0E249F5066009C5317 /* LaunchScreen.storyboard */ = {
			isa = PBXVariantGroup;
			children = (
				495B9D0F249F5066009C5317 /* Base */,
			);
			name = LaunchScreen.storyboard;
			sourceTree = "<group>";
		};
/* End PBXVariantGroup section */

/* Begin XCBuildConfiguration section */
		495B9D12249F5066009C5317 /* Debug */ = {
			isa = XCBuildConfiguration;
			buildSettings = {
				ALWAYS_SEARCH_USER_PATHS = NO;
				CLANG_ANALYZER_NONNULL = YES;
				CLANG_ANALYZER_NUMBER_OBJECT_CONVERSION = YES_AGGRESSIVE;
				CLANG_CXX_LANGUAGE_STANDARD = "gnu++14";
				CLANG_CXX_LIBRARY = "libc++";
				CLANG_ENABLE_MODULES = YES;
				CLANG_ENABLE_OBJC_ARC = YES;
				CLANG_ENABLE_OBJC_WEAK = YES;
				CLANG_WARN_BLOCK_CAPTURE_AUTORELEASING = YES;
				CLANG_WARN_BOOL_CONVERSION = YES;
				CLANG_WARN_COMMA = YES;
				CLANG_WARN_CONSTANT_CONVERSION = YES;
				CLANG_WARN_DEPRECATED_OBJC_IMPLEMENTATIONS = YES;
				CLANG_WARN_DIRECT_OBJC_ISA_USAGE = YES_ERROR;
				CLANG_WARN_DOCUMENTATION_COMMENTS = YES;
				CLANG_WARN_EMPTY_BODY = YES;
				CLANG_WARN_ENUM_CONVERSION = YES;
				CLANG_WARN_INFINITE_RECURSION = YES;
				CLANG_WARN_INT_CONVERSION = YES;
				CLANG_WARN_NON_LITERAL_NULL_CONVERSION = YES;
				CLANG_WARN_OBJC_IMPLICIT_RETAIN_SELF = YES;
				CLANG_WARN_OBJC_LITERAL_CONVERSION = YES;
				CLANG_WARN_OBJC_ROOT_CLASS = YES_ERROR;
				CLANG_WARN_RANGE_LOOP_ANALYSIS = YES;
				CLANG_WARN_STRICT_PROTOTYPES = YES;
				CLANG_WARN_SUSPICIOUS_MOVE = YES;
				CLANG_WARN_UNGUARDED_AVAILABILITY = YES_AGGRESSIVE;
				CLANG_WARN_UNREACHABLE_CODE = YES;
				CLANG_WARN__DUPLICATE_METHOD_MATCH = YES;
				COPY_PHASE_STRIP = NO;
				DEBUG_INFORMATION_FORMAT = dwarf;
				ENABLE_STRICT_OBJC_MSGSEND = YES;
				ENABLE_TESTABILITY = YES;
				GCC_C_LANGUAGE_STANDARD = gnu11;
				GCC_DYNAMIC_NO_PIC = NO;
				GCC_NO_COMMON_BLOCKS = YES;
				GCC_OPTIMIZATION_LEVEL = 0;
				GCC_PREPROCESSOR_DEFINITIONS = (
					"DEBUG=1",
					"$(inherited)",
				);
				GCC_WARN_64_TO_32_BIT_CONVERSION = YES;
				GCC_WARN_ABOUT_RETURN_TYPE = YES_ERROR;
				GCC_WARN_UNDECLARED_SELECTOR = YES;
				GCC_WARN_UNINITIALIZED_AUTOS = YES_AGGRESSIVE;
				GCC_WARN_UNUSED_FUNCTION = YES;
				GCC_WARN_UNUSED_VARIABLE = YES;
				IPHONEOS_DEPLOYMENT_TARGET = 13.5;
				MTL_ENABLE_DEBUG_INFO = INCLUDE_SOURCE;
				MTL_FAST_MATH = YES;
				ONLY_ACTIVE_ARCH = YES;
				SDKROOT = iphoneos;
				SWIFT_ACTIVE_COMPILATION_CONDITIONS = DEBUG;
				SWIFT_OPTIMIZATION_LEVEL = "-Onone";
			};
			name = Debug;
		};
		495B9D13249F5066009C5317 /* Release */ = {
			isa = XCBuildConfiguration;
			buildSettings = {
				ALWAYS_SEARCH_USER_PATHS = NO;
				CLANG_ANALYZER_NONNULL = YES;
				CLANG_ANALYZER_NUMBER_OBJECT_CONVERSION = YES_AGGRESSIVE;
				CLANG_CXX_LANGUAGE_STANDARD = "gnu++14";
				CLANG_CXX_LIBRARY = "libc++";
				CLANG_ENABLE_MODULES = YES;
				CLANG_ENABLE_OBJC_ARC = YES;
				CLANG_ENABLE_OBJC_WEAK = YES;
				CLANG_WARN_BLOCK_CAPTURE_AUTORELEASING = YES;
				CLANG_WARN_BOOL_CONVERSION = YES;
				CLANG_WARN_COMMA = YES;
				CLANG_WARN_CONSTANT_CONVERSION = YES;
				CLANG_WARN_DEPRECATED_OBJC_IMPLEMENTATIONS = YES;
				CLANG_WARN_DIRECT_OBJC_ISA_USAGE = YES_ERROR;
				CLANG_WARN_DOCUMENTATION_COMMENTS = YES;
				CLANG_WARN_EMPTY_BODY = YES;
				CLANG_WARN_ENUM_CONVERSION = YES;
				CLANG_WARN_INFINITE_RECURSION = YES;
				CLANG_WARN_INT_CONVERSION = YES;
				CLANG_WARN_NON_LITERAL_NULL_CONVERSION = YES;
				CLANG_WARN_OBJC_IMPLICIT_RETAIN_SELF = YES;
				CLANG_WARN_OBJC_LITERAL_CONVERSION = YES;
				CLANG_WARN_OBJC_ROOT_CLASS = YES_ERROR;
				CLANG_WARN_RANGE_LOOP_ANALYSIS = YES;
				CLANG_WARN_STRICT_PROTOTYPES = YES;
				CLANG_WARN_SUSPICIOUS_MOVE = YES;
				CLANG_WARN_UNGUARDED_AVAILABILITY = YES_AGGRESSIVE;
				CLANG_WARN_UNREACHABLE_CODE = YES;
				CLANG_WARN__DUPLICATE_METHOD_MATCH = YES;
				COPY_PHASE_STRIP = NO;
				DEBUG_INFORMATION_FORMAT = "dwarf-with-dsym";
				ENABLE_NS_ASSERTIONS = NO;
				ENABLE_STRICT_OBJC_MSGSEND = YES;
				GCC_C_LANGUAGE_STANDARD = gnu11;
				GCC_NO_COMMON_BLOCKS = YES;
				GCC_WARN_64_TO_32_BIT_CONVERSION = YES;
				GCC_WARN_ABOUT_RETURN_TYPE = YES_ERROR;
				GCC_WARN_UNDECLARED_SELECTOR = YES;
				GCC_WARN_UNINITIALIZED_AUTOS = YES_AGGRESSIVE;
				GCC_WARN_UNUSED_FUNCTION = YES;
				GCC_WARN_UNUSED_VARIABLE = YES;
				IPHONEOS_DEPLOYMENT_TARGET = 13.5;
				MTL_ENABLE_DEBUG_INFO = NO;
				MTL_FAST_MATH = YES;
				SDKROOT = iphoneos;
				SWIFT_COMPILATION_MODE = wholemodule;
				SWIFT_OPTIMIZATION_LEVEL = "-O";
				VALIDATE_PRODUCT = YES;
			};
			name = Release;
		};
		495B9D15249F5066009C5317 /* Debug */ = {
			isa = XCBuildConfiguration;
			buildSettings = {
				ASSETCATALOG_COMPILER_APPICON_NAME = AppIcon;
				CODE_SIGN_STYLE = Automatic;
				DEVELOPMENT_TEAM = 25WA95NQNW;
				INFOPLIST_FILE = DadambiraProject/Info.plist;
				LD_RUNPATH_SEARCH_PATHS = (
					"$(inherited)",
					"@executable_path/Frameworks",
				);
				PRODUCT_BUNDLE_IDENTIFIER = com.DadambiraProject;
				PRODUCT_NAME = "$(TARGET_NAME)";
				SWIFT_VERSION = 5.0;
				TARGETED_DEVICE_FAMILY = 1;
			};
			name = Debug;
		};
		495B9D16249F5066009C5317 /* Release */ = {
			isa = XCBuildConfiguration;
			buildSettings = {
				ASSETCATALOG_COMPILER_APPICON_NAME = AppIcon;
				CODE_SIGN_STYLE = Automatic;
				DEVELOPMENT_TEAM = 25WA95NQNW;
				INFOPLIST_FILE = DadambiraProject/Info.plist;
				LD_RUNPATH_SEARCH_PATHS = (
					"$(inherited)",
					"@executable_path/Frameworks",
				);
				PRODUCT_BUNDLE_IDENTIFIER = com.DadambiraProject;
				PRODUCT_NAME = "$(TARGET_NAME)";
				SWIFT_VERSION = 5.0;
				TARGETED_DEVICE_FAMILY = 1;
			};
			name = Release;
		};
/* End XCBuildConfiguration section */

/* Begin XCConfigurationList section */
		495B9CFB249F5064009C5317 /* Build configuration list for PBXProject "DadambiraProject" */ = {
			isa = XCConfigurationList;
			buildConfigurations = (
				495B9D12249F5066009C5317 /* Debug */,
				495B9D13249F5066009C5317 /* Release */,
			);
			defaultConfigurationIsVisible = 0;
			defaultConfigurationName = Release;
		};
		495B9D14249F5066009C5317 /* Build configuration list for PBXNativeTarget "DadambiraProject" */ = {
			isa = XCConfigurationList;
			buildConfigurations = (
				495B9D15249F5066009C5317 /* Debug */,
				495B9D16249F5066009C5317 /* Release */,
			);
			defaultConfigurationIsVisible = 0;
			defaultConfigurationName = Release;
		};
/* End XCConfigurationList section */
	};
	rootObject = 495B9CF8249F5064009C5317 /* Project object */;
}
